
Microsoft Visual Studio Solution File, Format Version 12.00
# Visual Studio Version 16
VisualStudioVersion = 16.0.31205.134
MinimumVisualStudioVersion = 10.0.40219.1
Project("{9A19103F-16F7-4668-BE54-9A1E7A4F7556}") = "GrpcServer", "GrpcServer\GrpcServer.csproj", "{21300540-1211-41A4-B880-6A080A97627E}"
EndProject
Project("{9A19103F-16F7-4668-BE54-9A1E7A4F7556}") = "GrpcClient", "GrpcClient\GrpcClient.csproj", "{6320EC99-B1A1-493A-B0E9-EF1F6094E79A}"
EndProject
Global
	GlobalSection(SolutionConfigurationPlatforms) = preSolution
		Debug|Any CPU = Debug|Any CPU
		Release|Any CPU = Release|Any CPU
	EndGlobalSection
	GlobalSection(ProjectConfigurationPlatforms) = postSolution
		{21300540-1211-41A4-B880-6A080A97627E}.Debug|Any CPU.ActiveCfg = Debug|Any CPU
		{21300540-1211-41A4-B880-6A080A97627E}.Debug|Any CPU.Build.0 = Debug|Any CPU
		{21300540-1211-41A4-B880-6A080A97627E}.Release|Any CPU.ActiveCfg = Release|Any CPU
		{21300540-1211-41A4-B880-6A080A97627E}.Release|Any CPU.Build.0 = Release|Any CPU
		{6320EC99-B1A1-493A-B0E9-EF1F6094E79A}.Debug|Any CPU.ActiveCfg = Debug|Any CPU
		{6320EC99-B1A1-493A-B0E9-EF1F6094E79A}.Debug|Any CPU.Build.0 = Debug|Any CPU
		{6320EC99-B1A1-493A-B0E9-EF1F6094E79A}.Release|Any CPU.ActiveCfg = Release|Any CPU
		{6320EC99-B1A1-493A-B0E9-EF1F6094E79A}.Release|Any CPU.Build.0 = Release|Any CPU
	EndGlobalSection
	GlobalSection(SolutionProperties) = preSolution
		HideSolutionNode = FALSE
	EndGlobalSection
	GlobalSection(ExtensibilityGlobals) = postSolution
		SolutionGuid = {69AED169-7914-4D18-9034-D312FA983567}
	EndGlobalSection
EndGlobal
